<?xml version="1.0" encoding="utf-8"?>
<Project ToolsVersion="4.0" xmlns="http://schemas.microsoft.com/developer/msbuild/2003">
  <ItemGroup>
    <ClCompile Include="game.cpp" />
    <ClCompile Include="template.cpp">
      <Filter>Template</Filter>
    </ClCompile>
    <ClCompile Include="surface.cpp">
      <Filter>Template</Filter>
    </ClCompile>
    <ClCompile Include="background.cpp" />
  </ItemGroup>
  <ItemGroup>
    <ClInclude Include="template.h">
      <Filter>Template</Filter>
    </ClInclude>
    <ClInclude Include="surface.h">
      <Filter>Template</Filter>
    </ClInclude>
    <ClInclude Include="background.h">
      <Filter>Background</Filter>
    </ClInclude>
    <ClInclude Include="game.h">
      <Filter>Background</Filter>
    </ClInclude>
  </ItemGroup>
  <ItemGroup>
    <Filter Include="Template">
      <UniqueIdentifier>{727e7398-24b3-4f0e-adf0-6850c4e95415}</UniqueIdentifier>
    </Filter>
    <Filter Include="Background">
      <UniqueIdentifier>{a7862569-891e-4aa8-bcc3-fc03486712a9}</UniqueIdentifier>
    </Filter>
    <Filter Include="Player">
      <UniqueIdentifier>{e2d1bdfa-4db9-4ac0-a0f7-f03528eab481}</UniqueIdentifier>
    </Filter>
  </ItemGroup>
  <ItemGroup>
    <Text Include="_readme.txt">
      <Filter>Template</Filter>
    </Text>
  </ItemGroup>
</Project>